
Microsoft Visual Studio Solution File, Format Version 12.00
# Visual Studio 15
VisualStudioVersion = 15.0.28307.572
MinimumVisualStudioVersion = 10.0.40219.1
Project("{FAE04EC0-301F-11D3-BF4B-00C04F79EFBC}") = "JsonInterface", "JsonInterface\JsonInterface.csproj", "{8BFDD4FE-2238-47A7-BD58-FA33D0940887}"
EndProject
Project("{FAE04EC0-301F-11D3-BF4B-00C04F79EFBC}") = "JsonInterfaceValidation", "..\JsonInterfaceValidation\JsonInterfaceValidation.csproj", "{CC65B408-8978-44E3-B0C0-AA396BC506B5}"
EndProject
Global
	GlobalSection(SolutionConfigurationPlatforms) = preSolution
		Debug|Any CPU = Debug|Any CPU
		Release|Any CPU = Release|Any CPU
	EndGlobalSection
	GlobalSection(ProjectConfigurationPlatforms) = postSolution
		{8BFDD4FE-2238-47A7-BD58-FA33D0940887}.Debug|Any CPU.ActiveCfg = Debug|Any CPU
		{8BFDD4FE-2238-47A7-BD58-FA33D0940887}.Debug|Any CPU.Build.0 = Debug|Any CPU
		{8BFDD4FE-2238-47A7-BD58-FA33D0940887}.Release|Any CPU.ActiveCfg = Release|Any CPU
		{8BFDD4FE-2238-47A7-BD58-FA33D0940887}.Release|Any CPU.Build.0 = Release|Any CPU
		{CC65B408-8978-44E3-B0C0-AA396BC506B5}.Debug|Any CPU.ActiveCfg = Debug|Any CPU
		{CC65B408-8978-44E3-B0C0-AA396BC506B5}.Debug|Any CPU.Build.0 = Debug|Any CPU
		{CC65B408-8978-44E3-B0C0-AA396BC506B5}.Release|Any CPU.ActiveCfg = Release|Any CPU
		{CC65B408-8978-44E3-B0C0-AA396BC506B5}.Release|Any CPU.Build.0 = Release|Any CPU
	EndGlobalSection
	GlobalSection(SolutionProperties) = preSolution
		HideSolutionNode = FALSE
	EndGlobalSection
	GlobalSection(ExtensibilityGlobals) = postSolution
		SolutionGuid = {F2C95E6F-D8F0-4BC4-93D0-2DBFA07806AE}
	EndGlobalSection
EndGlobal
